// !$*UTF8*$!
{
	archiveVersion = 1;
	classes = {
	};
	objectVersion = 56;
	objects = {

/* Begin PBXBuildFile section */
		BE5CEC4C2B1F28D9009DF825 /* AudioApp.swift in Sources */ = {isa = PBXBuildFile; fileRef = BE5CEC4B2B1F28D9009DF825 /* AudioApp.swift */; };
		BE5CEC4E2B1F28D9009DF825 /* ContentView.swift in Sources */ = {isa = PBXBuildFile; fileRef = BE5CEC4D2B1F28D9009DF825 /* ContentView.swift */; };
		BE5CEC502B1F28DA009DF825 /* Assets.xcassets in Resources */ = {isa = PBXBuildFile; fileRef = BE5CEC4F2B1F28DA009DF825 /* Assets.xcassets */; };
		BE5CEC532B1F28DA009DF825 /* Preview Assets.xcassets in Resources */ = {isa = PBXBuildFile; fileRef = BE5CEC522B1F28DA009DF825 /* Preview Assets.xcassets */; };
		BE5CEC5D2B1F28DA009DF825 /* AudioTests.swift in Sources */ = {isa = PBXBuildFile; fileRef = BE5CEC5C2B1F28DA009DF825 /* AudioTests.swift */; };
		BE5CEC672B1F28DA009DF825 /* AudioUITests.swift in Sources */ = {isa = PBXBuildFile; fileRef = BE5CEC662B1F28DA009DF825 /* AudioUITests.swift */; };
		BE5CEC692B1F28DA009DF825 /* AudioUITestsLaunchTests.swift in Sources */ = {isa = PBXBuildFile; fileRef = BE5CEC682B1F28DA009DF825 /* AudioUITestsLaunchTests.swift */; };
		BE5CEC802B1F7B12009DF825 /* Song.swift in Sources */ = {isa = PBXBuildFile; fileRef = BE5CEC7F2B1F7B12009DF825 /* Song.swift */; };
		BE5CEC862B1FB8F5009DF825 /* Audio_1.mp3 in Resources */ = {isa = PBXBuildFile; fileRef = BE5CEC832B1FB8F5009DF825 /* Audio_1.mp3 */; };
		BE5CEC872B1FB8F5009DF825 /* Audio_2.mp3 in Resources */ = {isa = PBXBuildFile; fileRef = BE5CEC842B1FB8F5009DF825 /* Audio_2.mp3 */; };
		BE5CEC882B1FB8F5009DF825 /* Audio.mp3 in Resources */ = {isa = PBXBuildFile; fileRef = BE5CEC852B1FB8F5009DF825 /* Audio.mp3 */; };
/* End PBXBuildFile section */

/* Begin PBXContainerItemProxy section */
		BE5CEC592B1F28DA009DF825 /* PBXContainerItemProxy */ = {
			isa = PBXContainerItemProxy;
			containerPortal = BE5CEC402B1F28D8009DF825 /* Project object */;
			proxyType = 1;
			remoteGlobalIDString = BE5CEC472B1F28D9009DF825;
			remoteInfo = Audio;
		};
		BE5CEC632B1F28DA009DF825 /* PBXContainerItemProxy */ = {
			isa = PBXContainerItemProxy;
			containerPortal = BE5CEC402B1F28D8009DF825 /* Project object */;
			proxyType = 1;
			remoteGlobalIDString = BE5CEC472B1F28D9009DF825;
			remoteInfo = Audio;
		};
/* End PBXContainerItemProxy section */

/* Begin PBXFileReference section */
		BE5CEC482B1F28D9009DF825 /* Audio.app */ = {isa = PBXFileReference; explicitFileType = wrapper.application; includeInIndex = 0; path = Audio.app; sourceTree = BUILT_PRODUCTS_DIR; };
		BE5CEC4B2B1F28D9009DF825 /* AudioApp.swift */ = {isa = PBXFileReference; lastKnownFileType = sourcecode.swift; path = AudioApp.swift; sourceTree = "<group>"; };
		BE5CEC4D2B1F28D9009DF825 /* ContentView.swift */ = {isa = PBXFileReference; lastKnownFileType = sourcecode.swift; path = ContentView.swift; sourceTree = "<group>"; };
		BE5CEC4F2B1F28DA009DF825 /* Assets.xcassets */ = {isa = PBXFileReference; lastKnownFileType = folder.assetcatalog; path = Assets.xcassets; sourceTree = "<group>"; };
		BE5CEC522B1F28DA009DF825 /* Preview Assets.xcassets */ = {isa = PBXFileReference; lastKnownFileType = folder.assetcatalog; path = "Preview Assets.xcassets"; sourceTree = "<group>"; };
		BE5CEC582B1F28DA009DF825 /* AudioTests.xctest */ = {isa = PBXFileReference; explicitFileType = wrapper.cfbundle; includeInIndex = 0; path = AudioTests.xctest; sourceTree = BUILT_PRODUCTS_DIR; };
		BE5CEC5C2B1F28DA009DF825 /* AudioTests.swift */ = {isa = PBXFileReference; lastKnownFileType = sourcecode.swift; path = AudioTests.swift; sourceTree = "<group>"; };
		BE5CEC622B1F28DA009DF825 /* AudioUITests.xctest */ = {isa = PBXFileReference; explicitFileType = wrapper.cfbundle; includeInIndex = 0; path = AudioUITests.xctest; sourceTree = BUILT_PRODUCTS_DIR; };
		BE5CEC662B1F28DA009DF825 /* AudioUITests.swift */ = {isa = PBXFileReference; lastKnownFileType = sourcecode.swift; path = AudioUITests.swift; sourceTree = "<group>"; };
		BE5CEC682B1F28DA009DF825 /* AudioUITestsLaunchTests.swift */ = {isa = PBXFileReference; lastKnownFileType = sourcecode.swift; path = AudioUITestsLaunchTests.swift; sourceTree = "<group>"; };
		BE5CEC7F2B1F7B12009DF825 /* Song.swift */ = {isa = PBXFileReference; lastKnownFileType = sourcecode.swift; path = Song.swift; sourceTree = "<group>"; };
		BE5CEC832B1FB8F5009DF825 /* Audio_1.mp3 */ = {isa = PBXFileReference; lastKnownFileType = audio.mp3; path = Audio_1.mp3; sourceTree = "<group>"; };
		BE5CEC842B1FB8F5009DF825 /* Audio_2.mp3 */ = {isa = PBXFileReference; lastKnownFileType = audio.mp3; path = Audio_2.mp3; sourceTree = "<group>"; };
		BE5CEC852B1FB8F5009DF825 /* Audio.mp3 */ = {isa = PBXFileReference; lastKnownFileType = audio.mp3; name = Audio.mp3; path = ../../../../../Downloads/Audio.mp3; sourceTree = "<group>"; };
		BE5CEC892B1FC27D009DF825 /* Info.plist */ = {isa = PBXFileReference; lastKnownFileType = text.plist; path = Info.plist; sourceTree = "<group>"; };
/* End PBXFileReference section */

/* Begin PBXFrameworksBuildPhase section */
		BE5CEC452B1F28D9009DF825 /* Frameworks */ = {
			isa = PBXFrameworksBuildPhase;
			buildActionMask = 2147483647;
			files = (
			);
			runOnlyForDeploymentPostprocessing = 0;
		};
		BE5CEC552B1F28DA009DF825 /* Frameworks */ = {
			isa = PBXFrameworksBuildPhase;
			buildActionMask = 2147483647;
			files = (
			);
			runOnlyForDeploymentPostprocessing = 0;
		};
		BE5CEC5F2B1F28DA009DF825 /* Frameworks */ = {
			isa = PBXFrameworksBuildPhase;
			buildActionMask = 2147483647;
			files = (
			);
			runOnlyForDeploymentPostprocessing = 0;
		};
/* End PBXFrameworksBuildPhase section */

/* Begin PBXGroup section */
		BE5CEC3F2B1F28D8009DF825 = {
			isa = PBXGroup;
			children = (
				BE5CEC4A2B1F28D9009DF825 /* Audio */,
				BE5CEC5B2B1F28DA009DF825 /* AudioTests */,
				BE5CEC652B1F28DA009DF825 /* AudioUITests */,
				BE5CEC492B1F28D9009DF825 /* Products */,
			);
			sourceTree = "<group>";
		};
		BE5CEC492B1F28D9009DF825 /* Products */ = {
			isa = PBXGroup;
			children = (
				BE5CEC482B1F28D9009DF825 /* Audio.app */,
				BE5CEC582B1F28DA009DF825 /* AudioTests.xctest */,
				BE5CEC622B1F28DA009DF825 /* AudioUITests.xctest */,
			);
			name = Products;
			sourceTree = "<group>";
		};
		BE5CEC4A2B1F28D9009DF825 /* Audio */ = {
			isa = PBXGroup;
			children = (
				BE5CEC892B1FC27D009DF825 /* Info.plist */,
				BE5CEC832B1FB8F5009DF825 /* Audio_1.mp3 */,
				BE5CEC842B1FB8F5009DF825 /* Audio_2.mp3 */,
				BE5CEC852B1FB8F5009DF825 /* Audio.mp3 */,
				BE5CEC7F2B1F7B12009DF825 /* Song.swift */,
				BE5CEC4B2B1F28D9009DF825 /* AudioApp.swift */,
				BE5CEC4D2B1F28D9009DF825 /* ContentView.swift */,
				BE5CEC4F2B1F28DA009DF825 /* Assets.xcassets */,
				BE5CEC512B1F28DA009DF825 /* Preview Content */,
			);
			path = Audio;
			sourceTree = "<group>";
		};
		BE5CEC512B1F28DA009DF825 /* Preview Content */ = {
			isa = PBXGroup;
			children = (
				BE5CEC522B1F28DA009DF825 /* Preview Assets.xcassets */,
			);
			path = "Preview Content";
			sourceTree = "<group>";
		};
		BE5CEC5B2B1F28DA009DF825 /* AudioTests */ = {
			isa = PBXGroup;
			children = (
				BE5CEC5C2B1F28DA009DF825 /* AudioTests.swift */,
			);
			path = AudioTests;
			sourceTree = "<group>";
		};
		BE5CEC652B1F28DA009DF825 /* AudioUITests */ = {
			isa = PBXGroup;
			children = (
				BE5CEC662B1F28DA009DF825 /* AudioUITests.swift */,
				BE5CEC682B1F28DA009DF825 /* AudioUITestsLaunchTests.swift */,
			);
			path = AudioUITests;
			sourceTree = "<group>";
		};
/* End PBXGroup section */

/* Begin PBXNativeTarget section */
		BE5CEC472B1F28D9009DF825 /* Audio */ = {
			isa = PBXNativeTarget;
			buildConfigurationList = BE5CEC6C2B1F28DA009DF825 /* Build configuration list for PBXNativeTarget "Audio" */;
			buildPhases = (
				BE5CEC442B1F28D9009DF825 /* Sources */,
				BE5CEC452B1F28D9009DF825 /* Frameworks */,
				BE5CEC462B1F28D9009DF825 /* Resources */,
			);
			buildRules = (
			);
			dependencies = (
			);
			name = Audio;
			productName = Audio;
			productReference = BE5CEC482B1F28D9009DF825 /* Audio.app */;
			productType = "com.apple.product-type.application";
		};
		BE5CEC572B1F28DA009DF825 /* AudioTests */ = {
			isa = PBXNativeTarget;
			buildConfigurationList = BE5CEC6F2B1F28DA009DF825 /* Build configuration list for PBXNativeTarget "AudioTests" */;
			buildPhases = (
				BE5CEC542B1F28DA009DF825 /* Sources */,
				BE5CEC552B1F28DA009DF825 /* Frameworks */,
				BE5CEC562B1F28DA009DF825 /* Resources */,
			);
			buildRules = (
			);
			dependencies = (
				BE5CEC5A2B1F28DA009DF825 /* PBXTargetDependency */,
			);
			name = AudioTests;
			productName = AudioTests;
			productReference = BE5CEC582B1F28DA009DF825 /* AudioTests.xctest */;
			productType = "com.apple.product-type.bundle.unit-test";
		};
		BE5CEC612B1F28DA009DF825 /* AudioUITests */ = {
			isa = PBXNativeTarget;
			buildConfigurationList = BE5CEC722B1F28DA009DF825 /* Build configuration list for PBXNativeTarget "AudioUITests" */;
			buildPhases = (
				BE5CEC5E2B1F28DA009DF825 /* Sources */,
				BE5CEC5F2B1F28DA009DF825 /* Frameworks */,
				BE5CEC602B1F28DA009DF825 /* Resources */,
			);
			buildRules = (
			);
			dependencies = (
				BE5CEC642B1F28DA009DF825 /* PBXTargetDependency */,
			);
			name = AudioUITests;
			productName = AudioUITests;
			productReference = BE5CEC622B1F28DA009DF825 /* AudioUITests.xctest */;
			productType = "com.apple.product-type.bundle.ui-testing";
		};
/* End PBXNativeTarget section */

/* Begin PBXProject section */
		BE5CEC402B1F28D8009DF825 /* Project object */ = {
			isa = PBXProject;
			attributes = {
				BuildIndependentTargetsInParallel = 1;
				LastSwiftUpdateCheck = 1500;
				LastUpgradeCheck = 1500;
				TargetAttributes = {
					BE5CEC472B1F28D9009DF825 = {
						CreatedOnToolsVersion = 15.0.1;
					};
					BE5CEC572B1F28DA009DF825 = {
						CreatedOnToolsVersion = 15.0.1;
						TestTargetID = BE5CEC472B1F28D9009DF825;
					};
					BE5CEC612B1F28DA009DF825 = {
						CreatedOnToolsVersion = 15.0.1;
						TestTargetID = BE5CEC472B1F28D9009DF825;
					};
				};
			};
			buildConfigurationList = BE5CEC432B1F28D8009DF825 /* Build configuration list for PBXProject "Audio" */;
			compatibilityVersion = "Xcode 14.0";
			developmentRegion = en;
			hasScannedForEncodings = 0;
			knownRegions = (
				en,
				Base,
			);
			mainGroup = BE5CEC3F2B1F28D8009DF825;
			productRefGroup = BE5CEC492B1F28D9009DF825 /* Products */;
			projectDirPath = "";
			projectRoot = "";
			targets = (
				BE5CEC472B1F28D9009DF825 /* Audio */,
				BE5CEC572B1F28DA009DF825 /* AudioTests */,
				BE5CEC612B1F28DA009DF825 /* AudioUITests */,
			);
		};
/* End PBXProject section */

/* Begin PBXResourcesBuildPhase section */
		BE5CEC462B1F28D9009DF825 /* Resources */ = {
			isa = PBXResourcesBuildPhase;
			buildActionMask = 2147483647;
			files = (
				BE5CEC872B1FB8F5009DF825 /* Audio_2.mp3 in Resources */,
				BE5CEC882B1FB8F5009DF825 /* Audio.mp3 in Resources */,
				BE5CEC862B1FB8F5009DF825 /* Audio_1.mp3 in Resources */,
				BE5CEC532B1F28DA009DF825 /* Preview Assets.xcassets in Resources */,
				BE5CEC502B1F28DA009DF825 /* Assets.xcassets in Resources */,
			);
			runOnlyForDeploymentPostprocessing = 0;
		};
		BE5CEC562B1F28DA009DF825 /* Resources */ = {
			isa = PBXResourcesBuildPhase;
			buildActionMask = 2147483647;
			files = (
			);
			runOnlyForDeploymentPostprocessing = 0;
		};
		BE5CEC602B1F28DA009DF825 /* Resources */ = {
			isa = PBXResourcesBuildPhase;
			buildActionMask = 2147483647;
			files = (
			);
			runOnlyForDeploymentPostprocessing = 0;
		};
/* End PBXResourcesBuildPhase section */

/* Begin PBXSourcesBuildPhase section */
		BE5CEC442B1F28D9009DF825 /* Sources */ = {
			isa = PBXSourcesBuildPhase;
			buildActionMask = 2147483647;
			files = (
				BE5CEC802B1F7B12009DF825 /* Song.swift in Sources */,
				BE5CEC4E2B1F28D9009DF825 /* ContentView.swift in Sources */,
				BE5CEC4C2B1F28D9009DF825 /* AudioApp.swift in Sources */,
			);
			runOnlyForDeploymentPostprocessing = 0;
		};
		BE5CEC542B1F28DA009DF825 /* Sources */ = {
			isa = PBXSourcesBuildPhase;
			buildActionMask = 2147483647;
			files = (
				BE5CEC5D2B1F28DA009DF825 /* AudioTests.swift in Sources */,
			);
			runOnlyForDeploymentPostprocessing = 0;
		};
		BE5CEC5E2B1F28DA009DF825 /* Sources */ = {
			isa = PBXSourcesBuildPhase;
			buildActionMask = 2147483647;
			files = (
				BE5CEC672B1F28DA009DF825 /* AudioUITests.swift in Sources */,
				BE5CEC692B1F28DA009DF825 /* AudioUITestsLaunchTests.swift in Sources */,
			);
			runOnlyForDeploymentPostprocessing = 0;
		};
/* End PBXSourcesBuildPhase section */

/* Begin PBXTargetDependency section */
		BE5CEC5A2B1F28DA009DF825 /* PBXTargetDependency */ = {
			isa = PBXTargetDependency;
			target = BE5CEC472B1F28D9009DF825 /* Audio */;
			targetProxy = BE5CEC592B1F28DA009DF825 /* PBXContainerItemProxy */;
		};
		BE5CEC642B1F28DA009DF825 /* PBXTargetDependency */ = {
			isa = PBXTargetDependency;
			target = BE5CEC472B1F28D9009DF825 /* Audio */;
			targetProxy = BE5CEC632B1F28DA009DF825 /* PBXContainerItemProxy */;
		};
/* End PBXTargetDependency section */

/* Begin XCBuildConfiguration section */
		BE5CEC6A2B1F28DA009DF825 /* Debug */ = {
			isa = XCBuildConfiguration;
			buildSettings = {
				ALWAYS_SEARCH_USER_PATHS = NO;
				ASSETCATALOG_COMPILER_GENERATE_SWIFT_ASSET_SYMBOL_EXTENSIONS = YES;
				CLANG_ANALYZER_NONNULL = YES;
				CLANG_ANALYZER_NUMBER_OBJECT_CONVERSION = YES_AGGRESSIVE;
				CLANG_CXX_LANGUAGE_STANDARD = "gnu++20";
				CLANG_ENABLE_MODULES = YES;
				CLANG_ENABLE_OBJC_ARC = YES;
				CLANG_ENABLE_OBJC_WEAK = YES;
				CLANG_WARN_BLOCK_CAPTURE_AUTORELEASING = YES;
				CLANG_WARN_BOOL_CONVERSION = YES;
				CLANG_WARN_COMMA = YES;
				CLANG_WARN_CONSTANT_CONVERSION = YES;
				CLANG_WARN_DEPRECATED_OBJC_IMPLEMENTATIONS = YES;
				CLANG_WARN_DIRECT_OBJC_ISA_USAGE = YES_ERROR;
				CLANG_WARN_DOCUMENTATION_COMMENTS = YES;
				CLANG_WARN_EMPTY_BODY = YES;
				CLANG_WARN_ENUM_CONVERSION = YES;
				CLANG_WARN_INFINITE_RECURSION = YES;
				CLANG_WARN_INT_CONVERSION = YES;
				CLANG_WARN_NON_LITERAL_NULL_CONVERSION = YES;
				CLANG_WARN_OBJC_IMPLICIT_RETAIN_SELF = YES;
				CLANG_WARN_OBJC_LITERAL_CONVERSION = YES;
				CLANG_WARN_OBJC_ROOT_CLASS = YES_ERROR;
				CLANG_WARN_QUOTED_INCLUDE_IN_FRAMEWORK_HEADER = YES;
				CLANG_WARN_RANGE_LOOP_ANALYSIS = YES;
				CLANG_WARN_STRICT_PROTOTYPES = YES;
				CLANG_WARN_SUSPICIOUS_MOVE = YES;
				CLANG_WARN_UNGUARDED_AVAILABILITY = YES_AGGRESSIVE;
				CLANG_WARN_UNREACHABLE_CODE = YES;
				CLANG_WARN__DUPLICATE_METHOD_MATCH = YES;
				COPY_PHASE_STRIP = NO;
				DEBUG_INFORMATION_FORMAT = dwarf;
				ENABLE_STRICT_OBJC_MSGSEND = YES;
				ENABLE_TESTABILITY = YES;
				ENABLE_USER_SCRIPT_SANDBOXING = YES;
				GCC_C_LANGUAGE_STANDARD = gnu17;
				GCC_DYNAMIC_NO_PIC = NO;
				GCC_NO_COMMON_BLOCKS = YES;
				GCC_OPTIMIZATION_LEVEL = 0;
				GCC_PREPROCESSOR_DEFINITIONS = (
					"DEBUG=1",
					"$(inherited)",
				);
				GCC_WARN_64_TO_32_BIT_CONVERSION = YES;
				GCC_WARN_ABOUT_RETURN_TYPE = YES_ERROR;
				GCC_WARN_UNDECLARED_SELECTOR = YES;
				GCC_WARN_UNINITIALIZED_AUTOS = YES_AGGRESSIVE;
				GCC_WARN_UNUSED_FUNCTION = YES;
				GCC_WARN_UNUSED_VARIABLE = YES;
				IPHONEOS_DEPLOYMENT_TARGET = 17.0;
				LOCALIZATION_PREFERS_STRING_CATALOGS = YES;
				MTL_ENABLE_DEBUG_INFO = INCLUDE_SOURCE;
				MTL_FAST_MATH = YES;
				ONLY_ACTIVE_ARCH = YES;
				SDKROOT = iphoneos;
				SWIFT_ACTIVE_COMPILATION_CONDITIONS = "DEBUG $(inherited)";
				SWIFT_OPTIMIZATION_LEVEL = "-Onone";
			};
			name = Debug;
		};
		BE5CEC6B2B1F28DA009DF825 /* Release */ = {
			isa = XCBuildConfiguration;
			buildSettings = {
				ALWAYS_SEARCH_USER_PATHS = NO;
				ASSETCATALOG_COMPILER_GENERATE_SWIFT_ASSET_SYMBOL_EXTENSIONS = YES;
				CLANG_ANALYZER_NONNULL = YES;
				CLANG_ANALYZER_NUMBER_OBJECT_CONVERSION = YES_AGGRESSIVE;
				CLANG_CXX_LANGUAGE_STANDARD = "gnu++20";
				CLANG_ENABLE_MODULES = YES;
				CLANG_ENABLE_OBJC_ARC = YES;
				CLANG_ENABLE_OBJC_WEAK = YES;
				CLANG_WARN_BLOCK_CAPTURE_AUTORELEASING = YES;
				CLANG_WARN_BOOL_CONVERSION = YES;
				CLANG_WARN_COMMA = YES;
				CLANG_WARN_CONSTANT_CONVERSION = YES;
				CLANG_WARN_DEPRECATED_OBJC_IMPLEMENTATIONS = YES;
				CLANG_WARN_DIRECT_OBJC_ISA_USAGE = YES_ERROR;
				CLANG_WARN_DOCUMENTATION_COMMENTS = YES;
				CLANG_WARN_EMPTY_BODY = YES;
				CLANG_WARN_ENUM_CONVERSION = YES;
				CLANG_WARN_INFINITE_RECURSION = YES;
				CLANG_WARN_INT_CONVERSION = YES;
				CLANG_WARN_NON_LITERAL_NULL_CONVERSION = YES;
				CLANG_WARN_OBJC_IMPLICIT_RETAIN_SELF = YES;
				CLANG_WARN_OBJC_LITERAL_CONVERSION = YES;
				CLANG_WARN_OBJC_ROOT_CLASS = YES_ERROR;
				CLANG_WARN_QUOTED_INCLUDE_IN_FRAMEWORK_HEADER = YES;
				CLANG_WARN_RANGE_LOOP_ANALYSIS = YES;
				CLANG_WARN_STRICT_PROTOTYPES = YES;
				CLANG_WARN_SUSPICIOUS_MOVE = YES;
				CLANG_WARN_UNGUARDED_AVAILABILITY = YES_AGGRESSIVE;
				CLANG_WARN_UNREACHABLE_CODE = YES;
				CLANG_WARN__DUPLICATE_METHOD_MATCH = YES;
				COPY_PHASE_STRIP = NO;
				DEBUG_INFORMATION_FORMAT = "dwarf-with-dsym";
				ENABLE_NS_ASSERTIONS = NO;
				ENABLE_STRICT_OBJC_MSGSEND = YES;
				ENABLE_USER_SCRIPT_SANDBOXING = YES;
				GCC_C_LANGUAGE_STANDARD = gnu17;
				GCC_NO_COMMON_BLOCKS = YES;
				GCC_WARN_64_TO_32_BIT_CONVERSION = YES;
				GCC_WARN_ABOUT_RETURN_TYPE = YES_ERROR;
				GCC_WARN_UNDECLARED_SELECTOR = YES;
				GCC_WARN_UNINITIALIZED_AUTOS = YES_AGGRESSIVE;
				GCC_WARN_UNUSED_FUNCTION = YES;
				GCC_WARN_UNUSED_VARIABLE = YES;
				IPHONEOS_DEPLOYMENT_TARGET = 17.0;
				LOCALIZATION_PREFERS_STRING_CATALOGS = YES;
				MTL_ENABLE_DEBUG_INFO = NO;
				MTL_FAST_MATH = YES;
				SDKROOT = iphoneos;
				SWIFT_COMPILATION_MODE = wholemodule;
				VALIDATE_PRODUCT = YES;
			};
			name = Release;
		};
		BE5CEC6D2B1F28DA009DF825 /* Debug */ = {
			isa = XCBuildConfiguration;
			buildSettings = {
				ASSETCATALOG_COMPILER_APPICON_NAME = AppIcon;
				ASSETCATALOG_COMPILER_GLOBAL_ACCENT_COLOR_NAME = AccentColor;
				CODE_SIGN_STYLE = Automatic;
				CURRENT_PROJECT_VERSION = 1;
				DEVELOPMENT_ASSET_PATHS = "\"Audio/Preview Content\"";
				DEVELOPMENT_TEAM = 8335H995D7;
				ENABLE_PREVIEWS = YES;
				GENERATE_INFOPLIST_FILE = YES;
				INFOPLIST_FILE = Audio/Info.plist;
				INFOPLIST_KEY_UIApplicationSceneManifest_Generation = YES;
				INFOPLIST_KEY_UIApplicationSupportsIndirectInputEvents = YES;
				INFOPLIST_KEY_UILaunchScreen_Generation = YES;
				INFOPLIST_KEY_UISupportedInterfaceOrientations_iPad = "UIInterfaceOrientationPortrait UIInterfaceOrientationPortraitUpsideDown UIInterfaceOrientationLandscapeLeft UIInterfaceOrientationLandscapeRight";
				INFOPLIST_KEY_UISupportedInterfaceOrientations_iPhone = "UIInterfaceOrientationPortrait UIInterfaceOrientationLandscapeLeft UIInterfaceOrientationLandscapeRight";
				LD_RUNPATH_SEARCH_PATHS = (
					"$(inherited)",
					"@executable_path/Frameworks",
				);
				MARKETING_VERSION = 1.0;
				PRODUCT_BUNDLE_IDENTIFIER = Berna.Audio;
				PRODUCT_NAME = "$(TARGET_NAME)";
				SWIFT_EMIT_LOC_STRINGS = YES;
				SWIFT_VERSION = 5.0;
				TARGETED_DEVICE_FAMILY = "1,2";
			};
			name = Debug;
		};
		BE5CEC6E2B1F28DA009DF825 /* Release */ = {
			isa = XCBuildConfiguration;
			buildSettings = {
				ASSETCATALOG_COMPILER_APPICON_NAME = AppIcon;
				ASSETCATALOG_COMPILER_GLOBAL_ACCENT_COLOR_NAME = AccentColor;
				CODE_SIGN_STYLE = Automatic;
				CURRENT_PROJECT_VERSION = 1;
				DEVELOPMENT_ASSET_PATHS = "\"Audio/Preview Content\"";
				DEVELOPMENT_TEAM = 8335H995D7;
				ENABLE_PREVIEWS = YES;
				GENERATE_INFOPLIST_FILE = YES;
				INFOPLIST_FILE = Audio/Info.plist;
				INFOPLIST_KEY_UIApplicationSceneManifest_Generation = YES;
				INFOPLIST_KEY_UIApplicationSupportsIndirectInputEvents = YES;
				INFOPLIST_KEY_UILaunchScreen_Generation = YES;
				INFOPLIST_KEY_UISupportedInterfaceOrientations_iPad = "UIInterfaceOrientationPortrait UIInterfaceOrientationPortraitUpsideDown UIInterfaceOrientationLandscapeLeft UIInterfaceOrientationLandscapeRight";
				INFOPLIST_KEY_UISupportedInterfaceOrientations_iPhone = "UIInterfaceOrientationPortrait UIInterfaceOrientationLandscapeLeft UIInterfaceOrientationLandscapeRight";
				LD_RUNPATH_SEARCH_PATHS = (
					"$(inherited)",
					"@executable_path/Frameworks",
				);
				MARKETING_VERSION = 1.0;
				PRODUCT_BUNDLE_IDENTIFIER = Berna.Audio;
				PRODUCT_NAME = "$(TARGET_NAME)";
				SWIFT_EMIT_LOC_STRINGS = YES;
				SWIFT_VERSION = 5.0;
				TARGETED_DEVICE_FAMILY = "1,2";
			};
			name = Release;
		};
		BE5CEC702B1F28DA009DF825 /* Debug */ = {
			isa = XCBuildConfiguration;
			buildSettings = {
				ALWAYS_EMBED_SWIFT_STANDARD_LIBRARIES = YES;
				BUNDLE_LOADER = "$(TEST_HOST)";
				CODE_SIGN_STYLE = Automatic;
				CURRENT_PROJECT_VERSION = 1;
				DEVELOPMENT_TEAM = 8335H995D7;
				GENERATE_INFOPLIST_FILE = YES;
				IPHONEOS_DEPLOYMENT_TARGET = 17.0;
				MARKETING_VERSION = 1.0;
				PRODUCT_BUNDLE_IDENTIFIER = Berna.AudioTests;
				PRODUCT_NAME = "$(TARGET_NAME)";
				SWIFT_EMIT_LOC_STRINGS = NO;
				SWIFT_VERSION = 5.0;
				TARGETED_DEVICE_FAMILY = "1,2";
				TEST_HOST = "$(BUILT_PRODUCTS_DIR)/Audio.app/$(BUNDLE_EXECUTABLE_FOLDER_PATH)/Audio";
			};
			name = Debug;
		};
		BE5CEC712B1F28DA009DF825 /* Release */ = {
			isa = XCBuildConfiguration;
			buildSettings = {
				ALWAYS_EMBED_SWIFT_STANDARD_LIBRARIES = YES;
				BUNDLE_LOADER = "$(TEST_HOST)";
				CODE_SIGN_STYLE = Automatic;
				CURRENT_PROJECT_VERSION = 1;
				DEVELOPMENT_TEAM = 8335H995D7;
				GENERATE_INFOPLIST_FILE = YES;
				IPHONEOS_DEPLOYMENT_TARGET = 17.0;
				MARKETING_VERSION = 1.0;
				PRODUCT_BUNDLE_IDENTIFIER = Berna.AudioTests;
				PRODUCT_NAME = "$(TARGET_NAME)";
				SWIFT_EMIT_LOC_STRINGS = NO;
				SWIFT_VERSION = 5.0;
				TARGETED_DEVICE_FAMILY = "1,2";
				TEST_HOST = "$(BUILT_PRODUCTS_DIR)/Audio.app/$(BUNDLE_EXECUTABLE_FOLDER_PATH)/Audio";
			};
			name = Release;
		};
		BE5CEC732B1F28DA009DF825 /* Debug */ = {
			isa = XCBuildConfiguration;
			buildSettings = {
				ALWAYS_EMBED_SWIFT_STANDARD_LIBRARIES = YES;
				CODE_SIGN_STYLE = Automatic;
				CURRENT_PROJECT_VERSION = 1;
				DEVELOPMENT_TEAM = 8335H995D7;
				GENERATE_INFOPLIST_FILE = YES;
				MARKETING_VERSION = 1.0;
				PRODUCT_BUNDLE_IDENTIFIER = Berna.AudioUITests;
				PRODUCT_NAME = "$(TARGET_NAME)";
				SWIFT_EMIT_LOC_STRINGS = NO;
				SWIFT_VERSION = 5.0;
				TARGETED_DEVICE_FAMILY = "1,2";
				TEST_TARGET_NAME = Audio;
			};
			name = Debug;
		};
		BE5CEC742B1F28DA009DF825 /* Release */ = {
			isa = XCBuildConfiguration;
			buildSettings = {
				ALWAYS_EMBED_SWIFT_STANDARD_LIBRARIES = YES;
				CODE_SIGN_STYLE = Automatic;
				CURRENT_PROJECT_VERSION = 1;
				DEVELOPMENT_TEAM = 8335H995D7;
				GENERATE_INFOPLIST_FILE = YES;
				MARKETING_VERSION = 1.0;
				PRODUCT_BUNDLE_IDENTIFIER = Berna.AudioUITests;
				PRODUCT_NAME = "$(TARGET_NAME)";
				SWIFT_EMIT_LOC_STRINGS = NO;
				SWIFT_VERSION = 5.0;
				TARGETED_DEVICE_FAMILY = "1,2";
				TEST_TARGET_NAME = Audio;
			};
			name = Release;
		};
/* End XCBuildConfiguration section */

/* Begin XCConfigurationList section */
		BE5CEC432B1F28D8009DF825 /* Build configuration list for PBXProject "Audio" */ = {
			isa = XCConfigurationList;
			buildConfigurations = (
				BE5CEC6A2B1F28DA009DF825 /* Debug */,
				BE5CEC6B2B1F28DA009DF825 /* Release */,
			);
			defaultConfigurationIsVisible = 0;
			defaultConfigurationName = Release;
		};
		BE5CEC6C2B1F28DA009DF825 /* Build configuration list for PBXNativeTarget "Audio" */ = {
			isa = XCConfigurationList;
			buildConfigurations = (
				BE5CEC6D2B1F28DA009DF825 /* Debug */,
				BE5CEC6E2B1F28DA009DF825 /* Release */,
			);
			defaultConfigurationIsVisible = 0;
			defaultConfigurationName = Release;
		};
		BE5CEC6F2B1F28DA009DF825 /* Build configuration list for PBXNativeTarget "AudioTests" */ = {
			isa = XCConfigurationList;
			buildConfigurations = (
				BE5CEC702B1F28DA009DF825 /* Debug */,
				BE5CEC712B1F28DA009DF825 /* Release */,
			);
			defaultConfigurationIsVisible = 0;
			defaultConfigurationName = Release;
		};
		BE5CEC722B1F28DA009DF825 /* Build configuration list for PBXNativeTarget "AudioUITests" */ = {
			isa = XCConfigurationList;
			buildConfigurations = (
				BE5CEC732B1F28DA009DF825 /* Debug */,
				BE5CEC742B1F28DA009DF825 /* Release */,
			);
			defaultConfigurationIsVisible = 0;
			defaultConfigurationName = Release;
		};
/* End XCConfigurationList section */
	};
	rootObject = BE5CEC402B1F28D8009DF825 /* Project object */;
}
